// !$*UTF8*$!
{
	archiveVersion = 1;
	classes = {
	};
	objectVersion = 56;
	objects = {

/* Begin PBXBuildFile section */
		C778E1B32A5C5C760078A4B4 /* AppDelegate.swift in Sources */ = {isa = PBXBuildFile; fileRef = C778E1B22A5C5C760078A4B4 /* AppDelegate.swift */; };
		C778E1B52A5C5C760078A4B4 /* SceneDelegate.swift in Sources */ = {isa = PBXBuildFile; fileRef = C778E1B42A5C5C760078A4B4 /* SceneDelegate.swift */; };
		C778E1B72A5C5C760078A4B4 /* ViewController.swift in Sources */ = {isa = PBXBuildFile; fileRef = C778E1B62A5C5C760078A4B4 /* ViewController.swift */; };
		C778E1BA2A5C5C760078A4B4 /* Main.storyboard in Resources */ = {isa = PBXBuildFile; fileRef = C778E1B82A5C5C760078A4B4 /* Main.storyboard */; };
		C778E1BC2A5C5C790078A4B4 /* Assets.xcassets in Resources */ = {isa = PBXBuildFile; fileRef = C778E1BB2A5C5C790078A4B4 /* Assets.xcassets */; };
		C778E1BF2A5C5C790078A4B4 /* LaunchScreen.storyboard in Resources */ = {isa = PBXBuildFile; fileRef = C778E1BD2A5C5C790078A4B4 /* LaunchScreen.storyboard */; };
		C778E1CA2A5C5C790078A4B4 /* I_am_RichTests.swift in Sources */ = {isa = PBXBuildFile; fileRef = C778E1C92A5C5C790078A4B4 /* I_am_RichTests.swift */; };
		C778E1D42A5C5C790078A4B4 /* I_am_RichUITests.swift in Sources */ = {isa = PBXBuildFile; fileRef = C778E1D32A5C5C790078A4B4 /* I_am_RichUITests.swift */; };
		C778E1D62A5C5C790078A4B4 /* I_am_RichUITestsLaunchTests.swift in Sources */ = {isa = PBXBuildFile; fileRef = C778E1D52A5C5C790078A4B4 /* I_am_RichUITestsLaunchTests.swift */; };
/* End PBXBuildFile section */

/* Begin PBXContainerItemProxy section */
		C778E1C62A5C5C790078A4B4 /* PBXContainerItemProxy */ = {
			isa = PBXContainerItemProxy;
			containerPortal = C778E1A72A5C5C750078A4B4 /* Project object */;
			proxyType = 1;
			remoteGlobalIDString = C778E1AE2A5C5C750078A4B4;
			remoteInfo = "I am Rich";
		};
		C778E1D02A5C5C790078A4B4 /* PBXContainerItemProxy */ = {
			isa = PBXContainerItemProxy;
			containerPortal = C778E1A72A5C5C750078A4B4 /* Project object */;
			proxyType = 1;
			remoteGlobalIDString = C778E1AE2A5C5C750078A4B4;
			remoteInfo = "I am Rich";
		};
/* End PBXContainerItemProxy section */

/* Begin PBXFileReference section */
		C778E1AF2A5C5C760078A4B4 /* I am Rich.app */ = {isa = PBXFileReference; explicitFileType = wrapper.application; includeInIndex = 0; path = "I am Rich.app"; sourceTree = BUILT_PRODUCTS_DIR; };
		C778E1B22A5C5C760078A4B4 /* AppDelegate.swift */ = {isa = PBXFileReference; lastKnownFileType = sourcecode.swift; path = AppDelegate.swift; sourceTree = "<group>"; };
		C778E1B42A5C5C760078A4B4 /* SceneDelegate.swift */ = {isa = PBXFileReference; lastKnownFileType = sourcecode.swift; path = SceneDelegate.swift; sourceTree = "<group>"; };
		C778E1B62A5C5C760078A4B4 /* ViewController.swift */ = {isa = PBXFileReference; lastKnownFileType = sourcecode.swift; path = ViewController.swift; sourceTree = "<group>"; };
		C778E1B92A5C5C760078A4B4 /* Base */ = {isa = PBXFileReference; lastKnownFileType = file.storyboard; name = Base; path = Base.lproj/Main.storyboard; sourceTree = "<group>"; };
		C778E1BB2A5C5C790078A4B4 /* Assets.xcassets */ = {isa = PBXFileReference; lastKnownFileType = folder.assetcatalog; path = Assets.xcassets; sourceTree = "<group>"; };
		C778E1BE2A5C5C790078A4B4 /* Base */ = {isa = PBXFileReference; lastKnownFileType = file.storyboard; name = Base; path = Base.lproj/LaunchScreen.storyboard; sourceTree = "<group>"; };
		C778E1C02A5C5C790078A4B4 /* Info.plist */ = {isa = PBXFileReference; lastKnownFileType = text.plist.xml; path = Info.plist; sourceTree = "<group>"; };
		C778E1C52A5C5C790078A4B4 /* I am RichTests.xctest */ = {isa = PBXFileReference; explicitFileType = wrapper.cfbundle; includeInIndex = 0; path = "I am RichTests.xctest"; sourceTree = BUILT_PRODUCTS_DIR; };
		C778E1C92A5C5C790078A4B4 /* I_am_RichTests.swift */ = {isa = PBXFileReference; lastKnownFileType = sourcecode.swift; path = I_am_RichTests.swift; sourceTree = "<group>"; };
		C778E1CF2A5C5C790078A4B4 /* I am RichUITests.xctest */ = {isa = PBXFileReference; explicitFileType = wrapper.cfbundle; includeInIndex = 0; path = "I am RichUITests.xctest"; sourceTree = BUILT_PRODUCTS_DIR; };
		C778E1D32A5C5C790078A4B4 /* I_am_RichUITests.swift */ = {isa = PBXFileReference; lastKnownFileType = sourcecode.swift; path = I_am_RichUITests.swift; sourceTree = "<group>"; };
		C778E1D52A5C5C790078A4B4 /* I_am_RichUITestsLaunchTests.swift */ = {isa = PBXFileReference; lastKnownFileType = sourcecode.swift; path = I_am_RichUITestsLaunchTests.swift; sourceTree = "<group>"; };
/* End PBXFileReference section */

/* Begin PBXFrameworksBuildPhase section */
		C778E1AC2A5C5C750078A4B4 /* Frameworks */ = {
			isa = PBXFrameworksBuildPhase;
			buildActionMask = 2147483647;
			files = (
			);
			runOnlyForDeploymentPostprocessing = 0;
		};
		C778E1C22A5C5C790078A4B4 /* Frameworks */ = {
			isa = PBXFrameworksBuildPhase;
			buildActionMask = 2147483647;
			files = (
			);
			runOnlyForDeploymentPostprocessing = 0;
		};
		C778E1CC2A5C5C790078A4B4 /* Frameworks */ = {
			isa = PBXFrameworksBuildPhase;
			buildActionMask = 2147483647;
			files = (
			);
			runOnlyForDeploymentPostprocessing = 0;
		};
/* End PBXFrameworksBuildPhase section */

/* Begin PBXGroup section */
		C778E1A62A5C5C750078A4B4 = {
			isa = PBXGroup;
			children = (
				C778E1B12A5C5C760078A4B4 /* I am Rich */,
				C778E1C82A5C5C790078A4B4 /* I am RichTests */,
				C778E1D22A5C5C790078A4B4 /* I am RichUITests */,
				C778E1B02A5C5C760078A4B4 /* Products */,
			);
			sourceTree = "<group>";
		};
		C778E1B02A5C5C760078A4B4 /* Products */ = {
			isa = PBXGroup;
			children = (
				C778E1AF2A5C5C760078A4B4 /* I am Rich.app */,
				C778E1C52A5C5C790078A4B4 /* I am RichTests.xctest */,
				C778E1CF2A5C5C790078A4B4 /* I am RichUITests.xctest */,
			);
			name = Products;
			sourceTree = "<group>";
		};
		C778E1B12A5C5C760078A4B4 /* I am Rich */ = {
			isa = PBXGroup;
			children = (
				C778E1B22A5C5C760078A4B4 /* AppDelegate.swift */,
				C778E1B42A5C5C760078A4B4 /* SceneDelegate.swift */,
				C778E1B62A5C5C760078A4B4 /* ViewController.swift */,
				C778E1B82A5C5C760078A4B4 /* Main.storyboard */,
				C778E1BB2A5C5C790078A4B4 /* Assets.xcassets */,
				C778E1BD2A5C5C790078A4B4 /* LaunchScreen.storyboard */,
				C778E1C02A5C5C790078A4B4 /* Info.plist */,
			);
			path = "I am Rich";
			sourceTree = "<group>";
		};
		C778E1C82A5C5C790078A4B4 /* I am RichTests */ = {
			isa = PBXGroup;
			children = (
				C778E1C92A5C5C790078A4B4 /* I_am_RichTests.swift */,
			);
			path = "I am RichTests";
			sourceTree = "<group>";
		};
		C778E1D22A5C5C790078A4B4 /* I am RichUITests */ = {
			isa = PBXGroup;
			children = (
				C778E1D32A5C5C790078A4B4 /* I_am_RichUITests.swift */,
				C778E1D52A5C5C790078A4B4 /* I_am_RichUITestsLaunchTests.swift */,
			);
			path = "I am RichUITests";
			sourceTree = "<group>";
		};
/* End PBXGroup section */

/* Begin PBXNativeTarget section */
		C778E1AE2A5C5C750078A4B4 /* I am Rich */ = {
			isa = PBXNativeTarget;
			buildConfigurationList = C778E1D92A5C5C790078A4B4 /* Build configuration list for PBXNativeTarget "I am Rich" */;
			buildPhases = (
				C778E1AB2A5C5C750078A4B4 /* Sources */,
				C778E1AC2A5C5C750078A4B4 /* Frameworks */,
				C778E1AD2A5C5C750078A4B4 /* Resources */,
			);
			buildRules = (
			);
			dependencies = (
			);
			name = "I am Rich";
			productName = "I am Rich";
			productReference = C778E1AF2A5C5C760078A4B4 /* I am Rich.app */;
			productType = "com.apple.product-type.application";
		};
		C778E1C42A5C5C790078A4B4 /* I am RichTests */ = {
			isa = PBXNativeTarget;
			buildConfigurationList = C778E1DC2A5C5C790078A4B4 /* Build configuration list for PBXNativeTarget "I am RichTests" */;
			buildPhases = (
				C778E1C12A5C5C790078A4B4 /* Sources */,
				C778E1C22A5C5C790078A4B4 /* Frameworks */,
				C778E1C32A5C5C790078A4B4 /* Resources */,
			);
			buildRules = (
			);
			dependencies = (
				C778E1C72A5C5C790078A4B4 /* PBXTargetDependency */,
			);
			name = "I am RichTests";
			productName = "I am RichTests";
			productReference = C778E1C52A5C5C790078A4B4 /* I am RichTests.xctest */;
			productType = "com.apple.product-type.bundle.unit-test";
		};
		C778E1CE2A5C5C790078A4B4 /* I am RichUITests */ = {
			isa = PBXNativeTarget;
			buildConfigurationList = C778E1DF2A5C5C790078A4B4 /* Build configuration list for PBXNativeTarget "I am RichUITests" */;
			buildPhases = (
				C778E1CB2A5C5C790078A4B4 /* Sources */,
				C778E1CC2A5C5C790078A4B4 /* Frameworks */,
				C778E1CD2A5C5C790078A4B4 /* Resources */,
			);
			buildRules = (
			);
			dependencies = (
				C778E1D12A5C5C790078A4B4 /* PBXTargetDependency */,
			);
			name = "I am RichUITests";
			productName = "I am RichUITests";
			productReference = C778E1CF2A5C5C790078A4B4 /* I am RichUITests.xctest */;
			productType = "com.apple.product-type.bundle.ui-testing";
		};
/* End PBXNativeTarget section */

/* Begin PBXProject section */
		C778E1A72A5C5C750078A4B4 /* Project object */ = {
			isa = PBXProject;
			attributes = {
				BuildIndependentTargetsInParallel = 1;
				LastSwiftUpdateCheck = 1420;
				LastUpgradeCheck = 1420;
				TargetAttributes = {
					C778E1AE2A5C5C750078A4B4 = {
						CreatedOnToolsVersion = 14.2;
					};
					C778E1C42A5C5C790078A4B4 = {
						CreatedOnToolsVersion = 14.2;
						TestTargetID = C778E1AE2A5C5C750078A4B4;
					};
					C778E1CE2A5C5C790078A4B4 = {
						CreatedOnToolsVersion = 14.2;
						TestTargetID = C778E1AE2A5C5C750078A4B4;
					};
				};
			};
			buildConfigurationList = C778E1AA2A5C5C750078A4B4 /* Build configuration list for PBXProject "I am Rich" */;
			compatibilityVersion = "Xcode 14.0";
			developmentRegion = en;
			hasScannedForEncodings = 0;
			knownRegions = (
				en,
				Base,
			);
			mainGroup = C778E1A62A5C5C750078A4B4;
			productRefGroup = C778E1B02A5C5C760078A4B4 /* Products */;
			projectDirPath = "";
			projectRoot = "";
			targets = (
				C778E1AE2A5C5C750078A4B4 /* I am Rich */,
				C778E1C42A5C5C790078A4B4 /* I am RichTests */,
				C778E1CE2A5C5C790078A4B4 /* I am RichUITests */,
			);
		};
/* End PBXProject section */

/* Begin PBXResourcesBuildPhase section */
		C778E1AD2A5C5C750078A4B4 /* Resources */ = {
			isa = PBXResourcesBuildPhase;
			buildActionMask = 2147483647;
			files = (
				C778E1BF2A5C5C790078A4B4 /* LaunchScreen.storyboard in Resources */,
				C778E1BC2A5C5C790078A4B4 /* Assets.xcassets in Resources */,
				C778E1BA2A5C5C760078A4B4 /* Main.storyboard in Resources */,
			);
			runOnlyForDeploymentPostprocessing = 0;
		};
		C778E1C32A5C5C790078A4B4 /* Resources */ = {
			isa = PBXResourcesBuildPhase;
			buildActionMask = 2147483647;
			files = (
			);
			runOnlyForDeploymentPostprocessing = 0;
		};
		C778E1CD2A5C5C790078A4B4 /* Resources */ = {
			isa = PBXResourcesBuildPhase;
			buildActionMask = 2147483647;
			files = (
			);
			runOnlyForDeploymentPostprocessing = 0;
		};
/* End PBXResourcesBuildPhase section */

/* Begin PBXSourcesBuildPhase section */
		C778E1AB2A5C5C750078A4B4 /* Sources */ = {
			isa = PBXSourcesBuildPhase;
			buildActionMask = 2147483647;
			files = (
				C778E1B72A5C5C760078A4B4 /* ViewController.swift in Sources */,
				C778E1B32A5C5C760078A4B4 /* AppDelegate.swift in Sources */,
				C778E1B52A5C5C760078A4B4 /* SceneDelegate.swift in Sources */,
			);
			runOnlyForDeploymentPostprocessing = 0;
		};
		C778E1C12A5C5C790078A4B4 /* Sources */ = {
			isa = PBXSourcesBuildPhase;
			buildActionMask = 2147483647;
			files = (
				C778E1CA2A5C5C790078A4B4 /* I_am_RichTests.swift in Sources */,
			);
			runOnlyForDeploymentPostprocessing = 0;
		};
		C778E1CB2A5C5C790078A4B4 /* Sources */ = {
			isa = PBXSourcesBuildPhase;
			buildActionMask = 2147483647;
			files = (
				C778E1D62A5C5C790078A4B4 /* I_am_RichUITestsLaunchTests.swift in Sources */,
				C778E1D42A5C5C790078A4B4 /* I_am_RichUITests.swift in Sources */,
			);
			runOnlyForDeploymentPostprocessing = 0;
		};
/* End PBXSourcesBuildPhase section */

/* Begin PBXTargetDependency section */
		C778E1C72A5C5C790078A4B4 /* PBXTargetDependency */ = {
			isa = PBXTargetDependency;
			target = C778E1AE2A5C5C750078A4B4 /* I am Rich */;
			targetProxy = C778E1C62A5C5C790078A4B4 /* PBXContainerItemProxy */;
		};
		C778E1D12A5C5C790078A4B4 /* PBXTargetDependency */ = {
			isa = PBXTargetDependency;
			target = C778E1AE2A5C5C750078A4B4 /* I am Rich */;
			targetProxy = C778E1D02A5C5C790078A4B4 /* PBXContainerItemProxy */;
		};
/* End PBXTargetDependency section */

/* Begin PBXVariantGroup section */
		C778E1B82A5C5C760078A4B4 /* Main.storyboard */ = {
			isa = PBXVariantGroup;
			children = (
				C778E1B92A5C5C760078A4B4 /* Base */,
			);
			name = Main.storyboard;
			sourceTree = "<group>";
		};
		C778E1BD2A5C5C790078A4B4 /* LaunchScreen.storyboard */ = {
			isa = PBXVariantGroup;
			children = (
				C778E1BE2A5C5C790078A4B4 /* Base */,
			);
			name = LaunchScreen.storyboard;
			sourceTree = "<group>";
		};
/* End PBXVariantGroup section */

/* Begin XCBuildConfiguration section */
		C778E1D72A5C5C790078A4B4 /* Debug */ = {
			isa = XCBuildConfiguration;
			buildSettings = {
				ALWAYS_SEARCH_USER_PATHS = NO;
				CLANG_ANALYZER_NONNULL = YES;
				CLANG_ANALYZER_NUMBER_OBJECT_CONVERSION = YES_AGGRESSIVE;
				CLANG_CXX_LANGUAGE_STANDARD = "gnu++20";
				CLANG_ENABLE_MODULES = YES;
				CLANG_ENABLE_OBJC_ARC = YES;
				CLANG_ENABLE_OBJC_WEAK = YES;
				CLANG_WARN_BLOCK_CAPTURE_AUTORELEASING = YES;
				CLANG_WARN_BOOL_CONVERSION = YES;
				CLANG_WARN_COMMA = YES;
				CLANG_WARN_CONSTANT_CONVERSION = YES;
				CLANG_WARN_DEPRECATED_OBJC_IMPLEMENTATIONS = YES;
				CLANG_WARN_DIRECT_OBJC_ISA_USAGE = YES_ERROR;
				CLANG_WARN_DOCUMENTATION_COMMENTS = YES;
				CLANG_WARN_EMPTY_BODY = YES;
				CLANG_WARN_ENUM_CONVERSION = YES;
				CLANG_WARN_INFINITE_RECURSION = YES;
				CLANG_WARN_INT_CONVERSION = YES;
				CLANG_WARN_NON_LITERAL_NULL_CONVERSION = YES;
				CLANG_WARN_OBJC_IMPLICIT_RETAIN_SELF = YES;
				CLANG_WARN_OBJC_LITERAL_CONVERSION = YES;
				CLANG_WARN_OBJC_ROOT_CLASS = YES_ERROR;
				CLANG_WARN_QUOTED_INCLUDE_IN_FRAMEWORK_HEADER = YES;
				CLANG_WARN_RANGE_LOOP_ANALYSIS = YES;
				CLANG_WARN_STRICT_PROTOTYPES = YES;
				CLANG_WARN_SUSPICIOUS_MOVE = YES;
				CLANG_WARN_UNGUARDED_AVAILABILITY = YES_AGGRESSIVE;
				CLANG_WARN_UNREACHABLE_CODE = YES;
				CLANG_WARN__DUPLICATE_METHOD_MATCH = YES;
				COPY_PHASE_STRIP = NO;
				DEBUG_INFORMATION_FORMAT = dwarf;
				ENABLE_STRICT_OBJC_MSGSEND = YES;
				ENABLE_TESTABILITY = YES;
				GCC_C_LANGUAGE_STANDARD = gnu11;
				GCC_DYNAMIC_NO_PIC = NO;
				GCC_NO_COMMON_BLOCKS = YES;
				GCC_OPTIMIZATION_LEVEL = 0;
				GCC_PREPROCESSOR_DEFINITIONS = (
					"DEBUG=1",
					"$(inherited)",
				);
				GCC_WARN_64_TO_32_BIT_CONVERSION = YES;
				GCC_WARN_ABOUT_RETURN_TYPE = YES_ERROR;
				GCC_WARN_UNDECLARED_SELECTOR = YES;
				GCC_WARN_UNINITIALIZED_AUTOS = YES_AGGRESSIVE;
				GCC_WARN_UNUSED_FUNCTION = YES;
				GCC_WARN_UNUSED_VARIABLE = YES;
				IPHONEOS_DEPLOYMENT_TARGET = 16.2;
				MTL_ENABLE_DEBUG_INFO = INCLUDE_SOURCE;
				MTL_FAST_MATH = YES;
				ONLY_ACTIVE_ARCH = YES;
				SDKROOT = iphoneos;
				SWIFT_ACTIVE_COMPILATION_CONDITIONS = DEBUG;
				SWIFT_OPTIMIZATION_LEVEL = "-Onone";
			};
			name = Debug;
		};
		C778E1D82A5C5C790078A4B4 /* Release */ = {
			isa = XCBuildConfiguration;
			buildSettings = {
				ALWAYS_SEARCH_USER_PATHS = NO;
				CLANG_ANALYZER_NONNULL = YES;
				CLANG_ANALYZER_NUMBER_OBJECT_CONVERSION = YES_AGGRESSIVE;
				CLANG_CXX_LANGUAGE_STANDARD = "gnu++20";
				CLANG_ENABLE_MODULES = YES;
				CLANG_ENABLE_OBJC_ARC = YES;
				CLANG_ENABLE_OBJC_WEAK = YES;
				CLANG_WARN_BLOCK_CAPTURE_AUTORELEASING = YES;
				CLANG_WARN_BOOL_CONVERSION = YES;
				CLANG_WARN_COMMA = YES;
				CLANG_WARN_CONSTANT_CONVERSION = YES;
				CLANG_WARN_DEPRECATED_OBJC_IMPLEMENTATIONS = YES;
				CLANG_WARN_DIRECT_OBJC_ISA_USAGE = YES_ERROR;
				CLANG_WARN_DOCUMENTATION_COMMENTS = YES;
				CLANG_WARN_EMPTY_BODY = YES;
				CLANG_WARN_ENUM_CONVERSION = YES;
				CLANG_WARN_INFINITE_RECURSION = YES;
				CLANG_WARN_INT_CONVERSION = YES;
				CLANG_WARN_NON_LITERAL_NULL_CONVERSION = YES;
				CLANG_WARN_OBJC_IMPLICIT_RETAIN_SELF = YES;
				CLANG_WARN_OBJC_LITERAL_CONVERSION = YES;
				CLANG_WARN_OBJC_ROOT_CLASS = YES_ERROR;
				CLANG_WARN_QUOTED_INCLUDE_IN_FRAMEWORK_HEADER = YES;
				CLANG_WARN_RANGE_LOOP_ANALYSIS = YES;
				CLANG_WARN_STRICT_PROTOTYPES = YES;
				CLANG_WARN_SUSPICIOUS_MOVE = YES;
				CLANG_WARN_UNGUARDED_AVAILABILITY = YES_AGGRESSIVE;
				CLANG_WARN_UNREACHABLE_CODE = YES;
				CLANG_WARN__DUPLICATE_METHOD_MATCH = YES;
				COPY_PHASE_STRIP = NO;
				DEBUG_INFORMATION_FORMAT = "dwarf-with-dsym";
				ENABLE_NS_ASSERTIONS = NO;
				ENABLE_STRICT_OBJC_MSGSEND = YES;
				GCC_C_LANGUAGE_STANDARD = gnu11;
				GCC_NO_COMMON_BLOCKS = YES;
				GCC_WARN_64_TO_32_BIT_CONVERSION = YES;
				GCC_WARN_ABOUT_RETURN_TYPE = YES_ERROR;
				GCC_WARN_UNDECLARED_SELECTOR = YES;
				GCC_WARN_UNINITIALIZED_AUTOS = YES_AGGRESSIVE;
				GCC_WARN_UNUSED_FUNCTION = YES;
				GCC_WARN_UNUSED_VARIABLE = YES;
				IPHONEOS_DEPLOYMENT_TARGET = 16.2;
				MTL_ENABLE_DEBUG_INFO = NO;
				MTL_FAST_MATH = YES;
				SDKROOT = iphoneos;
				SWIFT_COMPILATION_MODE = wholemodule;
				SWIFT_OPTIMIZATION_LEVEL = "-O";
				VALIDATE_PRODUCT = YES;
			};
			name = Release;
		};
		C778E1DA2A5C5C790078A4B4 /* Debug */ = {
			isa = XCBuildConfiguration;
			buildSettings = {
				ASSETCATALOG_COMPILER_APPICON_NAME = AppIcon;
				ASSETCATALOG_COMPILER_GLOBAL_ACCENT_COLOR_NAME = AccentColor;
				CODE_SIGN_STYLE = Automatic;
				CURRENT_PROJECT_VERSION = 1;
				GENERATE_INFOPLIST_FILE = YES;
				INFOPLIST_FILE = "I am Rich/Info.plist";
				INFOPLIST_KEY_UIApplicationSupportsIndirectInputEvents = YES;
				INFOPLIST_KEY_UILaunchStoryboardName = LaunchScreen;
				INFOPLIST_KEY_UIMainStoryboardFile = Main;
				INFOPLIST_KEY_UISupportedInterfaceOrientations_iPad = "UIInterfaceOrientationPortrait UIInterfaceOrientationPortraitUpsideDown UIInterfaceOrientationLandscapeLeft UIInterfaceOrientationLandscapeRight";
				INFOPLIST_KEY_UISupportedInterfaceOrientations_iPhone = "UIInterfaceOrientationPortrait UIInterfaceOrientationLandscapeLeft UIInterfaceOrientationLandscapeRight";
				LD_RUNPATH_SEARCH_PATHS = (
					"$(inherited)",
					"@executable_path/Frameworks",
				);
				MARKETING_VERSION = 1.0;
				PRODUCT_BUNDLE_IDENTIFIER = "com.swift-course.I-am-Rich";
				PRODUCT_NAME = "$(TARGET_NAME)";
				SWIFT_EMIT_LOC_STRINGS = YES;
				SWIFT_VERSION = 5.0;
				TARGETED_DEVICE_FAMILY = "1,2";
			};
			name = Debug;
		};
		C778E1DB2A5C5C790078A4B4 /* Release */ = {
			isa = XCBuildConfiguration;
			buildSettings = {
				ASSETCATALOG_COMPILER_APPICON_NAME = AppIcon;
				ASSETCATALOG_COMPILER_GLOBAL_ACCENT_COLOR_NAME = AccentColor;
				CODE_SIGN_STYLE = Automatic;
				CURRENT_PROJECT_VERSION = 1;
				GENERATE_INFOPLIST_FILE = YES;
				INFOPLIST_FILE = "I am Rich/Info.plist";
				INFOPLIST_KEY_UIApplicationSupportsIndirectInputEvents = YES;
				INFOPLIST_KEY_UILaunchStoryboardName = LaunchScreen;
				INFOPLIST_KEY_UIMainStoryboardFile = Main;
				INFOPLIST_KEY_UISupportedInterfaceOrientations_iPad = "UIInterfaceOrientationPortrait UIInterfaceOrientationPortraitUpsideDown UIInterfaceOrientationLandscapeLeft UIInterfaceOrientationLandscapeRight";
				INFOPLIST_KEY_UISupportedInterfaceOrientations_iPhone = "UIInterfaceOrientationPortrait UIInterfaceOrientationLandscapeLeft UIInterfaceOrientationLandscapeRight";
				LD_RUNPATH_SEARCH_PATHS = (
					"$(inherited)",
					"@executable_path/Frameworks",
				);
				MARKETING_VERSION = 1.0;
				PRODUCT_BUNDLE_IDENTIFIER = "com.swift-course.I-am-Rich";
				PRODUCT_NAME = "$(TARGET_NAME)";
				SWIFT_EMIT_LOC_STRINGS = YES;
				SWIFT_VERSION = 5.0;
				TARGETED_DEVICE_FAMILY = "1,2";
			};
			name = Release;
		};
		C778E1DD2A5C5C790078A4B4 /* Debug */ = {
			isa = XCBuildConfiguration;
			buildSettings = {
				ALWAYS_EMBED_SWIFT_STANDARD_LIBRARIES = YES;
				BUNDLE_LOADER = "$(TEST_HOST)";
				CODE_SIGN_STYLE = Automatic;
				CURRENT_PROJECT_VERSION = 1;
				GENERATE_INFOPLIST_FILE = YES;
				IPHONEOS_DEPLOYMENT_TARGET = 16.2;
				MARKETING_VERSION = 1.0;
				PRODUCT_BUNDLE_IDENTIFIER = "com.swift-course.I-am-RichTests";
				PRODUCT_NAME = "$(TARGET_NAME)";
				SWIFT_EMIT_LOC_STRINGS = NO;
				SWIFT_VERSION = 5.0;
				TARGETED_DEVICE_FAMILY = "1,2";
				TEST_HOST = "$(BUILT_PRODUCTS_DIR)/I am Rich.app/$(BUNDLE_EXECUTABLE_FOLDER_PATH)/I am Rich";
			};
			name = Debug;
		};
		C778E1DE2A5C5C790078A4B4 /* Release */ = {
			isa = XCBuildConfiguration;
			buildSettings = {
				ALWAYS_EMBED_SWIFT_STANDARD_LIBRARIES = YES;
				BUNDLE_LOADER = "$(TEST_HOST)";
				CODE_SIGN_STYLE = Automatic;
				CURRENT_PROJECT_VERSION = 1;
				GENERATE_INFOPLIST_FILE = YES;
				IPHONEOS_DEPLOYMENT_TARGET = 16.2;
				MARKETING_VERSION = 1.0;
				PRODUCT_BUNDLE_IDENTIFIER = "com.swift-course.I-am-RichTests";
				PRODUCT_NAME = "$(TARGET_NAME)";
				SWIFT_EMIT_LOC_STRINGS = NO;
				SWIFT_VERSION = 5.0;
				TARGETED_DEVICE_FAMILY = "1,2";
				TEST_HOST = "$(BUILT_PRODUCTS_DIR)/I am Rich.app/$(BUNDLE_EXECUTABLE_FOLDER_PATH)/I am Rich";
			};
			name = Release;
		};
		C778E1E02A5C5C790078A4B4 /* Debug */ = {
			isa = XCBuildConfiguration;
			buildSettings = {
				ALWAYS_EMBED_SWIFT_STANDARD_LIBRARIES = YES;
				CODE_SIGN_STYLE = Automatic;
				CURRENT_PROJECT_VERSION = 1;
				GENERATE_INFOPLIST_FILE = YES;
				MARKETING_VERSION = 1.0;
				PRODUCT_BUNDLE_IDENTIFIER = "com.swift-course.I-am-RichUITests";
				PRODUCT_NAME = "$(TARGET_NAME)";
				SWIFT_EMIT_LOC_STRINGS = NO;
				SWIFT_VERSION = 5.0;
				TARGETED_DEVICE_FAMILY = "1,2";
				TEST_TARGET_NAME = "I am Rich";
			};
			name = Debug;
		};
		C778E1E12A5C5C790078A4B4 /* Release */ = {
			isa = XCBuildConfiguration;
			buildSettings = {
				ALWAYS_EMBED_SWIFT_STANDARD_LIBRARIES = YES;
				CODE_SIGN_STYLE = Automatic;
				CURRENT_PROJECT_VERSION = 1;
				GENERATE_INFOPLIST_FILE = YES;
				MARKETING_VERSION = 1.0;
				PRODUCT_BUNDLE_IDENTIFIER = "com.swift-course.I-am-RichUITests";
				PRODUCT_NAME = "$(TARGET_NAME)";
				SWIFT_EMIT_LOC_STRINGS = NO;
				SWIFT_VERSION = 5.0;
				TARGETED_DEVICE_FAMILY = "1,2";
				TEST_TARGET_NAME = "I am Rich";
			};
			name = Release;
		};
/* End XCBuildConfiguration section */

/* Begin XCConfigurationList section */
		C778E1AA2A5C5C750078A4B4 /* Build configuration list for PBXProject "I am Rich" */ = {
			isa = XCConfigurationList;
			buildConfigurations = (
				C778E1D72A5C5C790078A4B4 /* Debug */,
				C778E1D82A5C5C790078A4B4 /* Release */,
			);
			defaultConfigurationIsVisible = 0;
			defaultConfigurationName = Release;
		};
		C778E1D92A5C5C790078A4B4 /* Build configuration list for PBXNativeTarget "I am Rich" */ = {
			isa = XCConfigurationList;
			buildConfigurations = (
				C778E1DA2A5C5C790078A4B4 /* Debug */,
				C778E1DB2A5C5C790078A4B4 /* Release */,
			);
			defaultConfigurationIsVisible = 0;
			defaultConfigurationName = Release;
		};
		C778E1DC2A5C5C790078A4B4 /* Build configuration list for PBXNativeTarget "I am RichTests" */ = {
			isa = XCConfigurationList;
			buildConfigurations = (
				C778E1DD2A5C5C790078A4B4 /* Debug */,
				C778E1DE2A5C5C790078A4B4 /* Release */,
			);
			defaultConfigurationIsVisible = 0;
			defaultConfigurationName = Release;
		};
		C778E1DF2A5C5C790078A4B4 /* Build configuration list for PBXNativeTarget "I am RichUITests" */ = {
			isa = XCConfigurationList;
			buildConfigurations = (
				C778E1E02A5C5C790078A4B4 /* Debug */,
				C778E1E12A5C5C790078A4B4 /* Release */,
			);
			defaultConfigurationIsVisible = 0;
			defaultConfigurationName = Release;
		};
/* End XCConfigurationList section */
	};
	rootObject = C778E1A72A5C5C750078A4B4 /* Project object */;
}
